
Microsoft Visual Studio Solution File, Format Version 11.00
# Visual Studio 2010
Project("{FAE04EC0-301F-11D3-BF4B-00C04F79EFBC}") = "FrameworkTSCI", "FrameworkTSCI\FrameworkTSCI.csproj", "{0C5D5763-D6E6-4954-B27C-3820D8F2D3FC}"
EndProject
Project("{FAE04EC0-301F-11D3-BF4B-00C04F79EFBC}") = "RH", "RH\RH.csproj", "{176117A6-0589-410D-AEDF-6B91F2CF8610}"
EndProject
Project("{FAE04EC0-301F-11D3-BF4B-00C04F79EFBC}") = "Pruebas", "Pruebas\Pruebas.csproj", "{FC447A26-6242-46CF-838E-09CC3E5B9945}"
EndProject
Project("{FAE04EC0-301F-11D3-BF4B-00C04F79EFBC}") = "RHAdmin", "RHAdmin\RHAdmin.csproj", "{6F96EF6A-3688-435B-95E8-3E6D61354D88}"
EndProject
Global
	GlobalSection(SolutionConfigurationPlatforms) = preSolution
		Debug|Any CPU = Debug|Any CPU
		Debug|Mixed Platforms = Debug|Mixed Platforms
		Debug|x86 = Debug|x86
		Release|Any CPU = Release|Any CPU
		Release|Mixed Platforms = Release|Mixed Platforms
		Release|x86 = Release|x86
	EndGlobalSection
	GlobalSection(ProjectConfigurationPlatforms) = postSolution
		{0C5D5763-D6E6-4954-B27C-3820D8F2D3FC}.Debug|Any CPU.ActiveCfg = Debug|Any CPU
		{0C5D5763-D6E6-4954-B27C-3820D8F2D3FC}.Debug|Any CPU.Build.0 = Debug|Any CPU
		{0C5D5763-D6E6-4954-B27C-3820D8F2D3FC}.Debug|Mixed Platforms.ActiveCfg = Debug|Any CPU
		{0C5D5763-D6E6-4954-B27C-3820D8F2D3FC}.Debug|Mixed Platforms.Build.0 = Debug|Any CPU
		{0C5D5763-D6E6-4954-B27C-3820D8F2D3FC}.Debug|x86.ActiveCfg = Debug|Any CPU
		{0C5D5763-D6E6-4954-B27C-3820D8F2D3FC}.Release|Any CPU.ActiveCfg = Release|Any CPU
		{0C5D5763-D6E6-4954-B27C-3820D8F2D3FC}.Release|Any CPU.Build.0 = Release|Any CPU
		{0C5D5763-D6E6-4954-B27C-3820D8F2D3FC}.Release|Mixed Platforms.ActiveCfg = Release|Any CPU
		{0C5D5763-D6E6-4954-B27C-3820D8F2D3FC}.Release|Mixed Platforms.Build.0 = Release|Any CPU
		{0C5D5763-D6E6-4954-B27C-3820D8F2D3FC}.Release|x86.ActiveCfg = Release|Any CPU
		{176117A6-0589-410D-AEDF-6B91F2CF8610}.Debug|Any CPU.ActiveCfg = Debug|Any CPU
		{176117A6-0589-410D-AEDF-6B91F2CF8610}.Debug|Any CPU.Build.0 = Debug|Any CPU
		{176117A6-0589-410D-AEDF-6B91F2CF8610}.Debug|Mixed Platforms.ActiveCfg = Debug|Any CPU
		{176117A6-0589-410D-AEDF-6B91F2CF8610}.Debug|Mixed Platforms.Build.0 = Debug|Any CPU
		{176117A6-0589-410D-AEDF-6B91F2CF8610}.Debug|x86.ActiveCfg = Debug|Any CPU
		{176117A6-0589-410D-AEDF-6B91F2CF8610}.Release|Any CPU.ActiveCfg = Release|Any CPU
		{176117A6-0589-410D-AEDF-6B91F2CF8610}.Release|Any CPU.Build.0 = Release|Any CPU
		{176117A6-0589-410D-AEDF-6B91F2CF8610}.Release|Mixed Platforms.ActiveCfg = Release|Any CPU
		{176117A6-0589-410D-AEDF-6B91F2CF8610}.Release|Mixed Platforms.Build.0 = Release|Any CPU
		{176117A6-0589-410D-AEDF-6B91F2CF8610}.Release|x86.ActiveCfg = Release|Any CPU
		{FC447A26-6242-46CF-838E-09CC3E5B9945}.Debug|Any CPU.ActiveCfg = Debug|x86
		{FC447A26-6242-46CF-838E-09CC3E5B9945}.Debug|Mixed Platforms.ActiveCfg = Debug|x86
		{FC447A26-6242-46CF-838E-09CC3E5B9945}.Debug|Mixed Platforms.Build.0 = Debug|x86
		{FC447A26-6242-46CF-838E-09CC3E5B9945}.Debug|x86.ActiveCfg = Debug|x86
		{FC447A26-6242-46CF-838E-09CC3E5B9945}.Debug|x86.Build.0 = Debug|x86
		{FC447A26-6242-46CF-838E-09CC3E5B9945}.Release|Any CPU.ActiveCfg = Release|x86
		{FC447A26-6242-46CF-838E-09CC3E5B9945}.Release|Mixed Platforms.ActiveCfg = Release|x86
		{FC447A26-6242-46CF-838E-09CC3E5B9945}.Release|Mixed Platforms.Build.0 = Release|x86
		{FC447A26-6242-46CF-838E-09CC3E5B9945}.Release|x86.ActiveCfg = Release|x86
		{FC447A26-6242-46CF-838E-09CC3E5B9945}.Release|x86.Build.0 = Release|x86
		{6F96EF6A-3688-435B-95E8-3E6D61354D88}.Debug|Any CPU.ActiveCfg = Debug|x86
		{6F96EF6A-3688-435B-95E8-3E6D61354D88}.Debug|Mixed Platforms.ActiveCfg = Debug|x86
		{6F96EF6A-3688-435B-95E8-3E6D61354D88}.Debug|Mixed Platforms.Build.0 = Debug|x86
		{6F96EF6A-3688-435B-95E8-3E6D61354D88}.Debug|x86.ActiveCfg = Debug|x86
		{6F96EF6A-3688-435B-95E8-3E6D61354D88}.Debug|x86.Build.0 = Debug|x86
		{6F96EF6A-3688-435B-95E8-3E6D61354D88}.Release|Any CPU.ActiveCfg = Release|x86
		{6F96EF6A-3688-435B-95E8-3E6D61354D88}.Release|Mixed Platforms.ActiveCfg = Release|x86
		{6F96EF6A-3688-435B-95E8-3E6D61354D88}.Release|Mixed Platforms.Build.0 = Release|x86
		{6F96EF6A-3688-435B-95E8-3E6D61354D88}.Release|x86.ActiveCfg = Release|x86
		{6F96EF6A-3688-435B-95E8-3E6D61354D88}.Release|x86.Build.0 = Release|x86
	EndGlobalSection
	GlobalSection(SolutionProperties) = preSolution
		HideSolutionNode = FALSE
	EndGlobalSection
EndGlobal
