
Microsoft Visual Studio Solution File, Format Version 11.00
# Visual Studio 2010
Project("{CC5FD16D-436D-48AD-A40C-5A424C6E3E79}") = "ProoOfConceptJSONCloud", "ProoOfConceptJSONCloud\ProoOfConceptJSONCloud.ccproj", "{81F94002-1D36-4193-B2A0-5D6A138D5970}"
EndProject
Project("{FAE04EC0-301F-11D3-BF4B-00C04F79EFBC}") = "JSONService", "JSONService\JSONService.csproj", "{2FEF708A-531B-4444-AA43-86F7F963CE92}"
EndProject
Global
	GlobalSection(SolutionConfigurationPlatforms) = preSolution
		Debug|Any CPU = Debug|Any CPU
		Release|Any CPU = Release|Any CPU
	EndGlobalSection
	GlobalSection(ProjectConfigurationPlatforms) = postSolution
		{81F94002-1D36-4193-B2A0-5D6A138D5970}.Debug|Any CPU.ActiveCfg = Debug|Any CPU
		{81F94002-1D36-4193-B2A0-5D6A138D5970}.Debug|Any CPU.Build.0 = Debug|Any CPU
		{81F94002-1D36-4193-B2A0-5D6A138D5970}.Release|Any CPU.ActiveCfg = Release|Any CPU
		{81F94002-1D36-4193-B2A0-5D6A138D5970}.Release|Any CPU.Build.0 = Release|Any CPU
		{2FEF708A-531B-4444-AA43-86F7F963CE92}.Debug|Any CPU.ActiveCfg = Debug|Any CPU
		{2FEF708A-531B-4444-AA43-86F7F963CE92}.Debug|Any CPU.Build.0 = Debug|Any CPU
		{2FEF708A-531B-4444-AA43-86F7F963CE92}.Release|Any CPU.ActiveCfg = Release|Any CPU
		{2FEF708A-531B-4444-AA43-86F7F963CE92}.Release|Any CPU.Build.0 = Release|Any CPU
	EndGlobalSection
	GlobalSection(SolutionProperties) = preSolution
		HideSolutionNode = FALSE
	EndGlobalSection
EndGlobal
